{
  "name": "slu-compose",
  "lockfileVersion": 3,
  "requires": true,
  "packages": {
    "": {
      "dependencies": {
        "plausible-tracker": "^0.3.9"
      }
    },
    "node_modules/plausible-tracker": {
      "version": "0.3.9",
      "resolved": "https://registry.npmjs.org/plausible-tracker/-/plausible-tracker-0.3.9.tgz",
      "integrity": "sha512-hMhneYm3GCPyQon88SZrVJx+LlqhM1kZFQbuAgXPoh/Az2YvO1B6bitT9qlhpiTdJlsT5lsr3gPmzoVjb5CDXA==",
      "license": "MIT",
      "engines": {
        "node": ">=10"
      }
    }
  }
}
